{
  "name": "oh-my-pi-slim",
  "version": "1.2.2",
  "lockfileVersion": 3,
  "requires": true,
  "packages": {
    "": {
      "name": "oh-my-pi-slim",
      "version": "1.2.2",
      "license": "MIT",
      "peerDependencies": {
        "@earendil-works/pi-ai": "*",
        "@earendil-works/pi-coding-agent": ">=0.84.4",
        "@earendil-works/pi-tui": "*",
        "typebox": "*"
      }
    }
  }
}
